
Microsoft Visual Studio Solution File, Format Version 12.00
# Visual Studio Version 17
VisualStudioVersion = 17.7.34009.444
MinimumVisualStudioVersion = 10.0.40219.1
Project("{FAE04EC0-301F-11D3-BF4B-00C04F79EFBC}") = "01. Box", "01. Box\01. Box.csproj", "{24EC71B2-A0DB-409D-8519-096C67425478}"
EndProject
Global
	GlobalSection(SolutionConfigurationPlatforms) = preSolution
		Debug|Any CPU = Debug|Any CPU
		Release|Any CPU = Release|Any CPU
	EndGlobalSection
	GlobalSection(ProjectConfigurationPlatforms) = postSolution
		{24EC71B2-A0DB-409D-8519-096C67425478}.Debug|Any CPU.ActiveCfg = Debug|Any CPU
		{24EC71B2-A0DB-409D-8519-096C67425478}.Debug|Any CPU.Build.0 = Debug|Any CPU
		{24EC71B2-A0DB-409D-8519-096C67425478}.Release|Any CPU.ActiveCfg = Release|Any CPU
		{24EC71B2-A0DB-409D-8519-096C67425478}.Release|Any CPU.Build.0 = Release|Any CPU
	EndGlobalSection
	GlobalSection(SolutionProperties) = preSolution
		HideSolutionNode = FALSE
	EndGlobalSection
	GlobalSection(ExtensibilityGlobals) = postSolution
		SolutionGuid = {38205F74-5EBD-46DA-98F8-AC685C62326F}
	EndGlobalSection
EndGlobal
