
Microsoft Visual Studio Solution File, Format Version 12.00
# Visual Studio Version 17
VisualStudioVersion = 17.7.34009.444
MinimumVisualStudioVersion = 10.0.40219.1
Project("{9A19103F-16F7-4668-BE54-9A1E7A4F7556}") = "01. Odd Lines", "01. Odd Lines\01. Odd Lines.csproj", "{A9C26BEF-FF22-4027-BFA3-258E4EE3A3CC}"
EndProject
Project("{9A19103F-16F7-4668-BE54-9A1E7A4F7556}") = "02. Line Numbers", "02. Line Numbers\02. Line Numbers.csproj", "{2D10A38C-3DCF-44D2-85D3-AD9C73F63595}"
EndProject
Project("{9A19103F-16F7-4668-BE54-9A1E7A4F7556}") = "03. Word Count", "03. Word Count\03. Word Count.csproj", "{3B24D1B4-4057-4379-8EF7-3B59FB2FC67C}"
EndProject
Project("{FAE04EC0-301F-11D3-BF4B-00C04F79EFBC}") = "04. Merge Text Files", "04. Merge Text Files\04. Merge Text Files.csproj", "{47063AB9-0B3B-48EB-BE9B-BC6FF21FA03C}"
EndProject
Project("{FAE04EC0-301F-11D3-BF4B-00C04F79EFBC}") = "05. Extract Special Bytes", "05. Extract Special Bytes\05. Extract Special Bytes.csproj", "{6080B05B-3BE1-4600-A69F-71D3FD63D006}"
EndProject
Global
	GlobalSection(SolutionConfigurationPlatforms) = preSolution
		Debug|Any CPU = Debug|Any CPU
		Release|Any CPU = Release|Any CPU
	EndGlobalSection
	GlobalSection(ProjectConfigurationPlatforms) = postSolution
		{A9C26BEF-FF22-4027-BFA3-258E4EE3A3CC}.Debug|Any CPU.ActiveCfg = Debug|Any CPU
		{A9C26BEF-FF22-4027-BFA3-258E4EE3A3CC}.Debug|Any CPU.Build.0 = Debug|Any CPU
		{A9C26BEF-FF22-4027-BFA3-258E4EE3A3CC}.Release|Any CPU.ActiveCfg = Release|Any CPU
		{A9C26BEF-FF22-4027-BFA3-258E4EE3A3CC}.Release|Any CPU.Build.0 = Release|Any CPU
		{2D10A38C-3DCF-44D2-85D3-AD9C73F63595}.Debug|Any CPU.ActiveCfg = Debug|Any CPU
		{2D10A38C-3DCF-44D2-85D3-AD9C73F63595}.Debug|Any CPU.Build.0 = Debug|Any CPU
		{2D10A38C-3DCF-44D2-85D3-AD9C73F63595}.Release|Any CPU.ActiveCfg = Release|Any CPU
		{2D10A38C-3DCF-44D2-85D3-AD9C73F63595}.Release|Any CPU.Build.0 = Release|Any CPU
		{3B24D1B4-4057-4379-8EF7-3B59FB2FC67C}.Debug|Any CPU.ActiveCfg = Debug|Any CPU
		{3B24D1B4-4057-4379-8EF7-3B59FB2FC67C}.Debug|Any CPU.Build.0 = Debug|Any CPU
		{3B24D1B4-4057-4379-8EF7-3B59FB2FC67C}.Release|Any CPU.ActiveCfg = Release|Any CPU
		{3B24D1B4-4057-4379-8EF7-3B59FB2FC67C}.Release|Any CPU.Build.0 = Release|Any CPU
		{47063AB9-0B3B-48EB-BE9B-BC6FF21FA03C}.Debug|Any CPU.ActiveCfg = Debug|Any CPU
		{47063AB9-0B3B-48EB-BE9B-BC6FF21FA03C}.Debug|Any CPU.Build.0 = Debug|Any CPU
		{47063AB9-0B3B-48EB-BE9B-BC6FF21FA03C}.Release|Any CPU.ActiveCfg = Release|Any CPU
		{47063AB9-0B3B-48EB-BE9B-BC6FF21FA03C}.Release|Any CPU.Build.0 = Release|Any CPU
		{6080B05B-3BE1-4600-A69F-71D3FD63D006}.Debug|Any CPU.ActiveCfg = Debug|Any CPU
		{6080B05B-3BE1-4600-A69F-71D3FD63D006}.Debug|Any CPU.Build.0 = Debug|Any CPU
		{6080B05B-3BE1-4600-A69F-71D3FD63D006}.Release|Any CPU.ActiveCfg = Release|Any CPU
		{6080B05B-3BE1-4600-A69F-71D3FD63D006}.Release|Any CPU.Build.0 = Release|Any CPU
	EndGlobalSection
	GlobalSection(SolutionProperties) = preSolution
		HideSolutionNode = FALSE
	EndGlobalSection
	GlobalSection(ExtensibilityGlobals) = postSolution
		SolutionGuid = {AD5C906C-BDB0-4608-A4FB-380072DA1CEE}
	EndGlobalSection
EndGlobal
