
Microsoft Visual Studio Solution File, Format Version 12.00
# Visual Studio Version 17
VisualStudioVersion = 17.7.34009.444
MinimumVisualStudioVersion = 10.0.40219.1
Project("{FAE04EC0-301F-11D3-BF4B-00C04F79EFBC}") = "01. Odd Lines", "01. Odd Lines\01. Odd Lines.csproj", "{B78FC7C2-0C8D-493E-A02B-CF4E2C95951F}"
EndProject
Global
	GlobalSection(SolutionConfigurationPlatforms) = preSolution
		Debug|Any CPU = Debug|Any CPU
		Release|Any CPU = Release|Any CPU
	EndGlobalSection
	GlobalSection(ProjectConfigurationPlatforms) = postSolution
		{B78FC7C2-0C8D-493E-A02B-CF4E2C95951F}.Debug|Any CPU.ActiveCfg = Debug|Any CPU
		{B78FC7C2-0C8D-493E-A02B-CF4E2C95951F}.Debug|Any CPU.Build.0 = Debug|Any CPU
		{B78FC7C2-0C8D-493E-A02B-CF4E2C95951F}.Release|Any CPU.ActiveCfg = Release|Any CPU
		{B78FC7C2-0C8D-493E-A02B-CF4E2C95951F}.Release|Any CPU.Build.0 = Release|Any CPU
	EndGlobalSection
	GlobalSection(SolutionProperties) = preSolution
		HideSolutionNode = FALSE
	EndGlobalSection
	GlobalSection(ExtensibilityGlobals) = postSolution
		SolutionGuid = {AD5C906C-BDB0-4608-A4FB-380072DA1CEE}
	EndGlobalSection
EndGlobal
