
Microsoft Visual Studio Solution File, Format Version 12.00
# Visual Studio Version 17
VisualStudioVersion = 17.7.34009.444
MinimumVisualStudioVersion = 10.0.40219.1
Project("{FAE04EC0-301F-11D3-BF4B-00C04F79EFBC}") = "01. Unique Usernames", "01. Unique Usernames\01. Unique Usernames.csproj", "{524F0468-0299-4CD3-B231-A1D7B148811C}"
EndProject
Project("{FAE04EC0-301F-11D3-BF4B-00C04F79EFBC}") = "02. Sets of Elements", "02. Sets of Elements\02. Sets of Elements.csproj", "{A99067E5-8B7D-4B98-A050-CD0B4A9EE8A7}"
EndProject
Project("{FAE04EC0-301F-11D3-BF4B-00C04F79EFBC}") = "03. Periodic Table", "03. Periodic Table\03. Periodic Table.csproj", "{832140B8-C3A9-4548-A5F4-BFC5BCFA8AC5}"
EndProject
Global
	GlobalSection(SolutionConfigurationPlatforms) = preSolution
		Debug|Any CPU = Debug|Any CPU
		Release|Any CPU = Release|Any CPU
	EndGlobalSection
	GlobalSection(ProjectConfigurationPlatforms) = postSolution
		{524F0468-0299-4CD3-B231-A1D7B148811C}.Debug|Any CPU.ActiveCfg = Debug|Any CPU
		{524F0468-0299-4CD3-B231-A1D7B148811C}.Debug|Any CPU.Build.0 = Debug|Any CPU
		{524F0468-0299-4CD3-B231-A1D7B148811C}.Release|Any CPU.ActiveCfg = Release|Any CPU
		{524F0468-0299-4CD3-B231-A1D7B148811C}.Release|Any CPU.Build.0 = Release|Any CPU
		{A99067E5-8B7D-4B98-A050-CD0B4A9EE8A7}.Debug|Any CPU.ActiveCfg = Debug|Any CPU
		{A99067E5-8B7D-4B98-A050-CD0B4A9EE8A7}.Debug|Any CPU.Build.0 = Debug|Any CPU
		{A99067E5-8B7D-4B98-A050-CD0B4A9EE8A7}.Release|Any CPU.ActiveCfg = Release|Any CPU
		{A99067E5-8B7D-4B98-A050-CD0B4A9EE8A7}.Release|Any CPU.Build.0 = Release|Any CPU
		{832140B8-C3A9-4548-A5F4-BFC5BCFA8AC5}.Debug|Any CPU.ActiveCfg = Debug|Any CPU
		{832140B8-C3A9-4548-A5F4-BFC5BCFA8AC5}.Debug|Any CPU.Build.0 = Debug|Any CPU
		{832140B8-C3A9-4548-A5F4-BFC5BCFA8AC5}.Release|Any CPU.ActiveCfg = Release|Any CPU
		{832140B8-C3A9-4548-A5F4-BFC5BCFA8AC5}.Release|Any CPU.Build.0 = Release|Any CPU
	EndGlobalSection
	GlobalSection(SolutionProperties) = preSolution
		HideSolutionNode = FALSE
	EndGlobalSection
	GlobalSection(ExtensibilityGlobals) = postSolution
		SolutionGuid = {825663D1-99D6-49C5-B368-0D8E62DFC85D}
	EndGlobalSection
EndGlobal
