
Microsoft Visual Studio Solution File, Format Version 12.00
# Visual Studio Version 17
VisualStudioVersion = 17.7.34009.444
MinimumVisualStudioVersion = 10.0.40219.1
Project("{9A19103F-16F7-4668-BE54-9A1E7A4F7556}") = "01. Unique Usernames", "01. Unique Usernames\01. Unique Usernames.csproj", "{524F0468-0299-4CD3-B231-A1D7B148811C}"
EndProject
Project("{9A19103F-16F7-4668-BE54-9A1E7A4F7556}") = "02. Sets of Elements", "02. Sets of Elements\02. Sets of Elements.csproj", "{A99067E5-8B7D-4B98-A050-CD0B4A9EE8A7}"
EndProject
Project("{9A19103F-16F7-4668-BE54-9A1E7A4F7556}") = "03. Periodic Table", "03. Periodic Table\03. Periodic Table.csproj", "{832140B8-C3A9-4548-A5F4-BFC5BCFA8AC5}"
EndProject
Project("{9A19103F-16F7-4668-BE54-9A1E7A4F7556}") = "04. Even Times", "04. Even Times\04. Even Times.csproj", "{EBFEA252-C980-457C-A5FB-B08557B00B86}"
EndProject
Project("{9A19103F-16F7-4668-BE54-9A1E7A4F7556}") = "05. Count Symbols", "05. Count Symbols\05. Count Symbols.csproj", "{56A1B7F8-8D2C-4A28-BCE5-400B866B07AE}"
EndProject
Project("{9A19103F-16F7-4668-BE54-9A1E7A4F7556}") = "06. Wardrobe", "06. Wardrobe\06. Wardrobe.csproj", "{249A7A46-019C-45E3-A043-8FFAA37C6C7B}"
EndProject
Project("{9A19103F-16F7-4668-BE54-9A1E7A4F7556}") = "07. The V-Logger", "07. The V-Logger\07. The V-Logger.csproj", "{4E279A70-1236-476E-B7B3-55AE26B303FF}"
EndProject
Project("{FAE04EC0-301F-11D3-BF4B-00C04F79EFBC}") = "08. Ranking", "08. Ranking\08. Ranking.csproj", "{A18293BA-AFA9-499C-ABEC-F573BDACC37A}"
EndProject
Project("{FAE04EC0-301F-11D3-BF4B-00C04F79EFBC}") = "09. SoftUni Exam Results", "09. SoftUni Exam Results\09. SoftUni Exam Results.csproj", "{5270BEDF-A6C0-4AB4-8B48-58D13AAD69AA}"
EndProject
Global
	GlobalSection(SolutionConfigurationPlatforms) = preSolution
		Debug|Any CPU = Debug|Any CPU
		Release|Any CPU = Release|Any CPU
	EndGlobalSection
	GlobalSection(ProjectConfigurationPlatforms) = postSolution
		{524F0468-0299-4CD3-B231-A1D7B148811C}.Debug|Any CPU.ActiveCfg = Debug|Any CPU
		{524F0468-0299-4CD3-B231-A1D7B148811C}.Debug|Any CPU.Build.0 = Debug|Any CPU
		{524F0468-0299-4CD3-B231-A1D7B148811C}.Release|Any CPU.ActiveCfg = Release|Any CPU
		{524F0468-0299-4CD3-B231-A1D7B148811C}.Release|Any CPU.Build.0 = Release|Any CPU
		{A99067E5-8B7D-4B98-A050-CD0B4A9EE8A7}.Debug|Any CPU.ActiveCfg = Debug|Any CPU
		{A99067E5-8B7D-4B98-A050-CD0B4A9EE8A7}.Debug|Any CPU.Build.0 = Debug|Any CPU
		{A99067E5-8B7D-4B98-A050-CD0B4A9EE8A7}.Release|Any CPU.ActiveCfg = Release|Any CPU
		{A99067E5-8B7D-4B98-A050-CD0B4A9EE8A7}.Release|Any CPU.Build.0 = Release|Any CPU
		{832140B8-C3A9-4548-A5F4-BFC5BCFA8AC5}.Debug|Any CPU.ActiveCfg = Debug|Any CPU
		{832140B8-C3A9-4548-A5F4-BFC5BCFA8AC5}.Debug|Any CPU.Build.0 = Debug|Any CPU
		{832140B8-C3A9-4548-A5F4-BFC5BCFA8AC5}.Release|Any CPU.ActiveCfg = Release|Any CPU
		{832140B8-C3A9-4548-A5F4-BFC5BCFA8AC5}.Release|Any CPU.Build.0 = Release|Any CPU
		{EBFEA252-C980-457C-A5FB-B08557B00B86}.Debug|Any CPU.ActiveCfg = Debug|Any CPU
		{EBFEA252-C980-457C-A5FB-B08557B00B86}.Debug|Any CPU.Build.0 = Debug|Any CPU
		{EBFEA252-C980-457C-A5FB-B08557B00B86}.Release|Any CPU.ActiveCfg = Release|Any CPU
		{EBFEA252-C980-457C-A5FB-B08557B00B86}.Release|Any CPU.Build.0 = Release|Any CPU
		{56A1B7F8-8D2C-4A28-BCE5-400B866B07AE}.Debug|Any CPU.ActiveCfg = Debug|Any CPU
		{56A1B7F8-8D2C-4A28-BCE5-400B866B07AE}.Debug|Any CPU.Build.0 = Debug|Any CPU
		{56A1B7F8-8D2C-4A28-BCE5-400B866B07AE}.Release|Any CPU.ActiveCfg = Release|Any CPU
		{56A1B7F8-8D2C-4A28-BCE5-400B866B07AE}.Release|Any CPU.Build.0 = Release|Any CPU
		{249A7A46-019C-45E3-A043-8FFAA37C6C7B}.Debug|Any CPU.ActiveCfg = Debug|Any CPU
		{249A7A46-019C-45E3-A043-8FFAA37C6C7B}.Debug|Any CPU.Build.0 = Debug|Any CPU
		{249A7A46-019C-45E3-A043-8FFAA37C6C7B}.Release|Any CPU.ActiveCfg = Release|Any CPU
		{249A7A46-019C-45E3-A043-8FFAA37C6C7B}.Release|Any CPU.Build.0 = Release|Any CPU
		{4E279A70-1236-476E-B7B3-55AE26B303FF}.Debug|Any CPU.ActiveCfg = Debug|Any CPU
		{4E279A70-1236-476E-B7B3-55AE26B303FF}.Debug|Any CPU.Build.0 = Debug|Any CPU
		{4E279A70-1236-476E-B7B3-55AE26B303FF}.Release|Any CPU.ActiveCfg = Release|Any CPU
		{4E279A70-1236-476E-B7B3-55AE26B303FF}.Release|Any CPU.Build.0 = Release|Any CPU
		{A18293BA-AFA9-499C-ABEC-F573BDACC37A}.Debug|Any CPU.ActiveCfg = Debug|Any CPU
		{A18293BA-AFA9-499C-ABEC-F573BDACC37A}.Debug|Any CPU.Build.0 = Debug|Any CPU
		{A18293BA-AFA9-499C-ABEC-F573BDACC37A}.Release|Any CPU.ActiveCfg = Release|Any CPU
		{A18293BA-AFA9-499C-ABEC-F573BDACC37A}.Release|Any CPU.Build.0 = Release|Any CPU
		{5270BEDF-A6C0-4AB4-8B48-58D13AAD69AA}.Debug|Any CPU.ActiveCfg = Debug|Any CPU
		{5270BEDF-A6C0-4AB4-8B48-58D13AAD69AA}.Debug|Any CPU.Build.0 = Debug|Any CPU
		{5270BEDF-A6C0-4AB4-8B48-58D13AAD69AA}.Release|Any CPU.ActiveCfg = Release|Any CPU
		{5270BEDF-A6C0-4AB4-8B48-58D13AAD69AA}.Release|Any CPU.Build.0 = Release|Any CPU
	EndGlobalSection
	GlobalSection(SolutionProperties) = preSolution
		HideSolutionNode = FALSE
	EndGlobalSection
	GlobalSection(ExtensibilityGlobals) = postSolution
		SolutionGuid = {825663D1-99D6-49C5-B368-0D8E62DFC85D}
	EndGlobalSection
EndGlobal
