
Microsoft Visual Studio Solution File, Format Version 12.00
# Visual Studio Version 17
VisualStudioVersion = 17.7.34009.444
MinimumVisualStudioVersion = 10.0.40219.1
Project("{FAE04EC0-301F-11D3-BF4B-00C04F79EFBC}") = "01. Sort Even Numbers", "01. Sort Even Numbers\01. Sort Even Numbers.csproj", "{CFB0615A-DC2F-499B-B4ED-1B2A6587A8C5}"
EndProject
Global
	GlobalSection(SolutionConfigurationPlatforms) = preSolution
		Debug|Any CPU = Debug|Any CPU
		Release|Any CPU = Release|Any CPU
	EndGlobalSection
	GlobalSection(ProjectConfigurationPlatforms) = postSolution
		{CFB0615A-DC2F-499B-B4ED-1B2A6587A8C5}.Debug|Any CPU.ActiveCfg = Debug|Any CPU
		{CFB0615A-DC2F-499B-B4ED-1B2A6587A8C5}.Debug|Any CPU.Build.0 = Debug|Any CPU
		{CFB0615A-DC2F-499B-B4ED-1B2A6587A8C5}.Release|Any CPU.ActiveCfg = Release|Any CPU
		{CFB0615A-DC2F-499B-B4ED-1B2A6587A8C5}.Release|Any CPU.Build.0 = Release|Any CPU
	EndGlobalSection
	GlobalSection(SolutionProperties) = preSolution
		HideSolutionNode = FALSE
	EndGlobalSection
	GlobalSection(ExtensibilityGlobals) = postSolution
		SolutionGuid = {E3089ADF-585F-49B1-B795-7E559336D37C}
	EndGlobalSection
EndGlobal
