
Microsoft Visual Studio Solution File, Format Version 12.00
# Visual Studio Version 17
VisualStudioVersion = 17.7.34009.444
MinimumVisualStudioVersion = 10.0.40219.1
Project("{9A19103F-16F7-4668-BE54-9A1E7A4F7556}") = "01. Define a Class Person", "01. Define a Class Person\01. Define a Class Person.csproj", "{2EBDAF78-AD29-45AB-B777-9C62D86A80F6}"
EndProject
Project("{9A19103F-16F7-4668-BE54-9A1E7A4F7556}") = "02. Creating Constructors", "02. Creating Constructors\02. Creating Constructors.csproj", "{401B698E-9981-426E-A69D-86CA3A68C084}"
EndProject
Project("{9A19103F-16F7-4668-BE54-9A1E7A4F7556}") = "03. Oldest Family Member", "03. Oldest Family Member\03. Oldest Family Member.csproj", "{EF6349E2-E975-4F43-8532-B7B8E810E83A}"
EndProject
Project("{9A19103F-16F7-4668-BE54-9A1E7A4F7556}") = "04. Opinion Poll", "04. Opinion Poll\04. Opinion Poll.csproj", "{9A21B75E-69B2-46C8-B026-791099EBC9F7}"
EndProject
Project("{FAE04EC0-301F-11D3-BF4B-00C04F79EFBC}") = "06. Speed Racing", "06. Speed Racing\06. Speed Racing.csproj", "{475A688B-2BE4-40D3-859A-B5D5DF9605D4}"
EndProject
Project("{FAE04EC0-301F-11D3-BF4B-00C04F79EFBC}") = "07. Raw Data", "07. Raw Data\07. Raw Data.csproj", "{3F7A8A28-9245-4014-A957-897A1B09B5A7}"
EndProject
Global
	GlobalSection(SolutionConfigurationPlatforms) = preSolution
		Debug|Any CPU = Debug|Any CPU
		Release|Any CPU = Release|Any CPU
	EndGlobalSection
	GlobalSection(ProjectConfigurationPlatforms) = postSolution
		{2EBDAF78-AD29-45AB-B777-9C62D86A80F6}.Debug|Any CPU.ActiveCfg = Debug|Any CPU
		{2EBDAF78-AD29-45AB-B777-9C62D86A80F6}.Debug|Any CPU.Build.0 = Debug|Any CPU
		{2EBDAF78-AD29-45AB-B777-9C62D86A80F6}.Release|Any CPU.ActiveCfg = Release|Any CPU
		{2EBDAF78-AD29-45AB-B777-9C62D86A80F6}.Release|Any CPU.Build.0 = Release|Any CPU
		{401B698E-9981-426E-A69D-86CA3A68C084}.Debug|Any CPU.ActiveCfg = Debug|Any CPU
		{401B698E-9981-426E-A69D-86CA3A68C084}.Debug|Any CPU.Build.0 = Debug|Any CPU
		{401B698E-9981-426E-A69D-86CA3A68C084}.Release|Any CPU.ActiveCfg = Release|Any CPU
		{401B698E-9981-426E-A69D-86CA3A68C084}.Release|Any CPU.Build.0 = Release|Any CPU
		{EF6349E2-E975-4F43-8532-B7B8E810E83A}.Debug|Any CPU.ActiveCfg = Debug|Any CPU
		{EF6349E2-E975-4F43-8532-B7B8E810E83A}.Debug|Any CPU.Build.0 = Debug|Any CPU
		{EF6349E2-E975-4F43-8532-B7B8E810E83A}.Release|Any CPU.ActiveCfg = Release|Any CPU
		{EF6349E2-E975-4F43-8532-B7B8E810E83A}.Release|Any CPU.Build.0 = Release|Any CPU
		{9A21B75E-69B2-46C8-B026-791099EBC9F7}.Debug|Any CPU.ActiveCfg = Debug|Any CPU
		{9A21B75E-69B2-46C8-B026-791099EBC9F7}.Debug|Any CPU.Build.0 = Debug|Any CPU
		{9A21B75E-69B2-46C8-B026-791099EBC9F7}.Release|Any CPU.ActiveCfg = Release|Any CPU
		{9A21B75E-69B2-46C8-B026-791099EBC9F7}.Release|Any CPU.Build.0 = Release|Any CPU
		{475A688B-2BE4-40D3-859A-B5D5DF9605D4}.Debug|Any CPU.ActiveCfg = Debug|Any CPU
		{475A688B-2BE4-40D3-859A-B5D5DF9605D4}.Debug|Any CPU.Build.0 = Debug|Any CPU
		{475A688B-2BE4-40D3-859A-B5D5DF9605D4}.Release|Any CPU.ActiveCfg = Release|Any CPU
		{475A688B-2BE4-40D3-859A-B5D5DF9605D4}.Release|Any CPU.Build.0 = Release|Any CPU
		{3F7A8A28-9245-4014-A957-897A1B09B5A7}.Debug|Any CPU.ActiveCfg = Debug|Any CPU
		{3F7A8A28-9245-4014-A957-897A1B09B5A7}.Debug|Any CPU.Build.0 = Debug|Any CPU
		{3F7A8A28-9245-4014-A957-897A1B09B5A7}.Release|Any CPU.ActiveCfg = Release|Any CPU
		{3F7A8A28-9245-4014-A957-897A1B09B5A7}.Release|Any CPU.Build.0 = Release|Any CPU
	EndGlobalSection
	GlobalSection(SolutionProperties) = preSolution
		HideSolutionNode = FALSE
	EndGlobalSection
	GlobalSection(ExtensibilityGlobals) = postSolution
		SolutionGuid = {7A6CE20F-69C5-4D37-B5A8-88F3BFC23EDE}
	EndGlobalSection
EndGlobal
