
Microsoft Visual Studio Solution File, Format Version 12.00
# Visual Studio Version 17
VisualStudioVersion = 17.7.34009.444
MinimumVisualStudioVersion = 10.0.40219.1
Project("{9A19103F-16F7-4668-BE54-9A1E7A4F7556}") = "01. Define a Class Person", "01. Define a Class Person\01. Define a Class Person.csproj", "{2EBDAF78-AD29-45AB-B777-9C62D86A80F6}"
EndProject
Project("{9A19103F-16F7-4668-BE54-9A1E7A4F7556}") = "02. Creating Constructors", "02. Creating Constructors\02. Creating Constructors.csproj", "{401B698E-9981-426E-A69D-86CA3A68C084}"
EndProject
Project("{9A19103F-16F7-4668-BE54-9A1E7A4F7556}") = "03. Oldest Family Member", "03. Oldest Family Member\03. Oldest Family Member.csproj", "{EF6349E2-E975-4F43-8532-B7B8E810E83A}"
EndProject
Project("{9A19103F-16F7-4668-BE54-9A1E7A4F7556}") = "04. Opinion Poll", "04. Opinion Poll\04. Opinion Poll.csproj", "{9A21B75E-69B2-46C8-B026-791099EBC9F7}"
EndProject
Project("{9A19103F-16F7-4668-BE54-9A1E7A4F7556}") = "06. Speed Racing", "06. Speed Racing\06. Speed Racing.csproj", "{475A688B-2BE4-40D3-859A-B5D5DF9605D4}"
EndProject
Project("{9A19103F-16F7-4668-BE54-9A1E7A4F7556}") = "07. Raw Data", "07. Raw Data\07. Raw Data.csproj", "{3F7A8A28-9245-4014-A957-897A1B09B5A7}"
EndProject
Project("{9A19103F-16F7-4668-BE54-9A1E7A4F7556}") = "08. Car Salesman", "08. Car Salesman\08. Car Salesman.csproj", "{5475501C-7072-4AD5-80AA-78B527842EA3}"
EndProject
Project("{9A19103F-16F7-4668-BE54-9A1E7A4F7556}") = "09. Pokemon Trainer", "09. Pokemon Trainer\09. Pokemon Trainer.csproj", "{25DFB640-A1FF-4C65-8A39-3F39668BFE5C}"
EndProject
Project("{FAE04EC0-301F-11D3-BF4B-00C04F79EFBC}") = "05. Date Modifier", "05. Date Modifier\05. Date Modifier.csproj", "{68AF2D82-22B3-4A16-A08F-51DF42ABCCDB}"
EndProject
Project("{FAE04EC0-301F-11D3-BF4B-00C04F79EFBC}") = "10. SoftUni Parking", "10. SoftUni Parking\10. SoftUni Parking.csproj", "{88FA31B3-93B6-470E-A42F-462954993335}"
EndProject
Global
	GlobalSection(SolutionConfigurationPlatforms) = preSolution
		Debug|Any CPU = Debug|Any CPU
		Release|Any CPU = Release|Any CPU
	EndGlobalSection
	GlobalSection(ProjectConfigurationPlatforms) = postSolution
		{2EBDAF78-AD29-45AB-B777-9C62D86A80F6}.Debug|Any CPU.ActiveCfg = Debug|Any CPU
		{2EBDAF78-AD29-45AB-B777-9C62D86A80F6}.Debug|Any CPU.Build.0 = Debug|Any CPU
		{2EBDAF78-AD29-45AB-B777-9C62D86A80F6}.Release|Any CPU.ActiveCfg = Release|Any CPU
		{2EBDAF78-AD29-45AB-B777-9C62D86A80F6}.Release|Any CPU.Build.0 = Release|Any CPU
		{401B698E-9981-426E-A69D-86CA3A68C084}.Debug|Any CPU.ActiveCfg = Debug|Any CPU
		{401B698E-9981-426E-A69D-86CA3A68C084}.Debug|Any CPU.Build.0 = Debug|Any CPU
		{401B698E-9981-426E-A69D-86CA3A68C084}.Release|Any CPU.ActiveCfg = Release|Any CPU
		{401B698E-9981-426E-A69D-86CA3A68C084}.Release|Any CPU.Build.0 = Release|Any CPU
		{EF6349E2-E975-4F43-8532-B7B8E810E83A}.Debug|Any CPU.ActiveCfg = Debug|Any CPU
		{EF6349E2-E975-4F43-8532-B7B8E810E83A}.Debug|Any CPU.Build.0 = Debug|Any CPU
		{EF6349E2-E975-4F43-8532-B7B8E810E83A}.Release|Any CPU.ActiveCfg = Release|Any CPU
		{EF6349E2-E975-4F43-8532-B7B8E810E83A}.Release|Any CPU.Build.0 = Release|Any CPU
		{9A21B75E-69B2-46C8-B026-791099EBC9F7}.Debug|Any CPU.ActiveCfg = Debug|Any CPU
		{9A21B75E-69B2-46C8-B026-791099EBC9F7}.Debug|Any CPU.Build.0 = Debug|Any CPU
		{9A21B75E-69B2-46C8-B026-791099EBC9F7}.Release|Any CPU.ActiveCfg = Release|Any CPU
		{9A21B75E-69B2-46C8-B026-791099EBC9F7}.Release|Any CPU.Build.0 = Release|Any CPU
		{475A688B-2BE4-40D3-859A-B5D5DF9605D4}.Debug|Any CPU.ActiveCfg = Debug|Any CPU
		{475A688B-2BE4-40D3-859A-B5D5DF9605D4}.Debug|Any CPU.Build.0 = Debug|Any CPU
		{475A688B-2BE4-40D3-859A-B5D5DF9605D4}.Release|Any CPU.ActiveCfg = Release|Any CPU
		{475A688B-2BE4-40D3-859A-B5D5DF9605D4}.Release|Any CPU.Build.0 = Release|Any CPU
		{3F7A8A28-9245-4014-A957-897A1B09B5A7}.Debug|Any CPU.ActiveCfg = Debug|Any CPU
		{3F7A8A28-9245-4014-A957-897A1B09B5A7}.Debug|Any CPU.Build.0 = Debug|Any CPU
		{3F7A8A28-9245-4014-A957-897A1B09B5A7}.Release|Any CPU.ActiveCfg = Release|Any CPU
		{3F7A8A28-9245-4014-A957-897A1B09B5A7}.Release|Any CPU.Build.0 = Release|Any CPU
		{5475501C-7072-4AD5-80AA-78B527842EA3}.Debug|Any CPU.ActiveCfg = Debug|Any CPU
		{5475501C-7072-4AD5-80AA-78B527842EA3}.Debug|Any CPU.Build.0 = Debug|Any CPU
		{5475501C-7072-4AD5-80AA-78B527842EA3}.Release|Any CPU.ActiveCfg = Release|Any CPU
		{5475501C-7072-4AD5-80AA-78B527842EA3}.Release|Any CPU.Build.0 = Release|Any CPU
		{25DFB640-A1FF-4C65-8A39-3F39668BFE5C}.Debug|Any CPU.ActiveCfg = Debug|Any CPU
		{25DFB640-A1FF-4C65-8A39-3F39668BFE5C}.Debug|Any CPU.Build.0 = Debug|Any CPU
		{25DFB640-A1FF-4C65-8A39-3F39668BFE5C}.Release|Any CPU.ActiveCfg = Release|Any CPU
		{25DFB640-A1FF-4C65-8A39-3F39668BFE5C}.Release|Any CPU.Build.0 = Release|Any CPU
		{68AF2D82-22B3-4A16-A08F-51DF42ABCCDB}.Debug|Any CPU.ActiveCfg = Debug|Any CPU
		{68AF2D82-22B3-4A16-A08F-51DF42ABCCDB}.Debug|Any CPU.Build.0 = Debug|Any CPU
		{68AF2D82-22B3-4A16-A08F-51DF42ABCCDB}.Release|Any CPU.ActiveCfg = Release|Any CPU
		{68AF2D82-22B3-4A16-A08F-51DF42ABCCDB}.Release|Any CPU.Build.0 = Release|Any CPU
		{88FA31B3-93B6-470E-A42F-462954993335}.Debug|Any CPU.ActiveCfg = Debug|Any CPU
		{88FA31B3-93B6-470E-A42F-462954993335}.Debug|Any CPU.Build.0 = Debug|Any CPU
		{88FA31B3-93B6-470E-A42F-462954993335}.Release|Any CPU.ActiveCfg = Release|Any CPU
		{88FA31B3-93B6-470E-A42F-462954993335}.Release|Any CPU.Build.0 = Release|Any CPU
	EndGlobalSection
	GlobalSection(SolutionProperties) = preSolution
		HideSolutionNode = FALSE
	EndGlobalSection
	GlobalSection(ExtensibilityGlobals) = postSolution
		SolutionGuid = {7A6CE20F-69C5-4D37-B5A8-88F3BFC23EDE}
	EndGlobalSection
EndGlobal
