
Microsoft Visual Studio Solution File, Format Version 12.00
# Visual Studio Version 17
VisualStudioVersion = 17.7.34009.444
MinimumVisualStudioVersion = 10.0.40219.1
Project("{9A19103F-16F7-4668-BE54-9A1E7A4F7556}") = "01. Diagonal Difference", "01. Diagonal Difference\01. Diagonal Difference.csproj", "{5020519E-A074-41F8-AF4A-F4C5487B8BE1}"
EndProject
Project("{9A19103F-16F7-4668-BE54-9A1E7A4F7556}") = "02. Squares in Matrix", "02. Squares in Matrix\02. Squares in Matrix.csproj", "{14EA6137-F48D-4A39-A7CD-396D993FC20C}"
EndProject
Project("{9A19103F-16F7-4668-BE54-9A1E7A4F7556}") = "03. Maximal Sum", "03. Maximal Sum\03. Maximal Sum.csproj", "{863098B6-A2A4-4E6E-9476-D702524420ED}"
EndProject
Project("{9A19103F-16F7-4668-BE54-9A1E7A4F7556}") = "04. Matrix Shuffling", "04. Matrix Shuffling\04. Matrix Shuffling.csproj", "{3E8EB67C-1EDC-4704-9B7A-9A847A0A746C}"
EndProject
Project("{9A19103F-16F7-4668-BE54-9A1E7A4F7556}") = "05. Snake Moves", "05. Snake Moves\05. Snake Moves.csproj", "{09D19C0F-81AD-47B6-9CF2-3CA6F394DB86}"
EndProject
Project("{9A19103F-16F7-4668-BE54-9A1E7A4F7556}") = "07. Knight Game", "07. Knight Game\07. Knight Game.csproj", "{4A5C6152-CA19-416E-8CFE-8FFEF973C74F}"
EndProject
Project("{9A19103F-16F7-4668-BE54-9A1E7A4F7556}") = "06. Jagged Array Manipulator", "06. Jagged Array Manipulator\06. Jagged Array Manipulator.csproj", "{9706D32F-74D6-477E-B183-B4E69DC9D08A}"
EndProject
Project("{9A19103F-16F7-4668-BE54-9A1E7A4F7556}") = "08. Bombs", "08. Bombs\08. Bombs.csproj", "{E0E48911-AEE7-4D6A-9E24-9C0D8966FB6A}"
EndProject
Global
	GlobalSection(SolutionConfigurationPlatforms) = preSolution
		Debug|Any CPU = Debug|Any CPU
		Release|Any CPU = Release|Any CPU
	EndGlobalSection
	GlobalSection(ProjectConfigurationPlatforms) = postSolution
		{5020519E-A074-41F8-AF4A-F4C5487B8BE1}.Debug|Any CPU.ActiveCfg = Debug|Any CPU
		{5020519E-A074-41F8-AF4A-F4C5487B8BE1}.Debug|Any CPU.Build.0 = Debug|Any CPU
		{5020519E-A074-41F8-AF4A-F4C5487B8BE1}.Release|Any CPU.ActiveCfg = Release|Any CPU
		{5020519E-A074-41F8-AF4A-F4C5487B8BE1}.Release|Any CPU.Build.0 = Release|Any CPU
		{14EA6137-F48D-4A39-A7CD-396D993FC20C}.Debug|Any CPU.ActiveCfg = Debug|Any CPU
		{14EA6137-F48D-4A39-A7CD-396D993FC20C}.Debug|Any CPU.Build.0 = Debug|Any CPU
		{14EA6137-F48D-4A39-A7CD-396D993FC20C}.Release|Any CPU.ActiveCfg = Release|Any CPU
		{14EA6137-F48D-4A39-A7CD-396D993FC20C}.Release|Any CPU.Build.0 = Release|Any CPU
		{863098B6-A2A4-4E6E-9476-D702524420ED}.Debug|Any CPU.ActiveCfg = Debug|Any CPU
		{863098B6-A2A4-4E6E-9476-D702524420ED}.Debug|Any CPU.Build.0 = Debug|Any CPU
		{863098B6-A2A4-4E6E-9476-D702524420ED}.Release|Any CPU.ActiveCfg = Release|Any CPU
		{863098B6-A2A4-4E6E-9476-D702524420ED}.Release|Any CPU.Build.0 = Release|Any CPU
		{3E8EB67C-1EDC-4704-9B7A-9A847A0A746C}.Debug|Any CPU.ActiveCfg = Debug|Any CPU
		{3E8EB67C-1EDC-4704-9B7A-9A847A0A746C}.Debug|Any CPU.Build.0 = Debug|Any CPU
		{3E8EB67C-1EDC-4704-9B7A-9A847A0A746C}.Release|Any CPU.ActiveCfg = Release|Any CPU
		{3E8EB67C-1EDC-4704-9B7A-9A847A0A746C}.Release|Any CPU.Build.0 = Release|Any CPU
		{09D19C0F-81AD-47B6-9CF2-3CA6F394DB86}.Debug|Any CPU.ActiveCfg = Debug|Any CPU
		{09D19C0F-81AD-47B6-9CF2-3CA6F394DB86}.Debug|Any CPU.Build.0 = Debug|Any CPU
		{09D19C0F-81AD-47B6-9CF2-3CA6F394DB86}.Release|Any CPU.ActiveCfg = Release|Any CPU
		{09D19C0F-81AD-47B6-9CF2-3CA6F394DB86}.Release|Any CPU.Build.0 = Release|Any CPU
		{4A5C6152-CA19-416E-8CFE-8FFEF973C74F}.Debug|Any CPU.ActiveCfg = Debug|Any CPU
		{4A5C6152-CA19-416E-8CFE-8FFEF973C74F}.Debug|Any CPU.Build.0 = Debug|Any CPU
		{4A5C6152-CA19-416E-8CFE-8FFEF973C74F}.Release|Any CPU.ActiveCfg = Release|Any CPU
		{4A5C6152-CA19-416E-8CFE-8FFEF973C74F}.Release|Any CPU.Build.0 = Release|Any CPU
		{9706D32F-74D6-477E-B183-B4E69DC9D08A}.Debug|Any CPU.ActiveCfg = Debug|Any CPU
		{9706D32F-74D6-477E-B183-B4E69DC9D08A}.Debug|Any CPU.Build.0 = Debug|Any CPU
		{9706D32F-74D6-477E-B183-B4E69DC9D08A}.Release|Any CPU.ActiveCfg = Release|Any CPU
		{9706D32F-74D6-477E-B183-B4E69DC9D08A}.Release|Any CPU.Build.0 = Release|Any CPU
		{E0E48911-AEE7-4D6A-9E24-9C0D8966FB6A}.Debug|Any CPU.ActiveCfg = Debug|Any CPU
		{E0E48911-AEE7-4D6A-9E24-9C0D8966FB6A}.Debug|Any CPU.Build.0 = Debug|Any CPU
		{E0E48911-AEE7-4D6A-9E24-9C0D8966FB6A}.Release|Any CPU.ActiveCfg = Release|Any CPU
		{E0E48911-AEE7-4D6A-9E24-9C0D8966FB6A}.Release|Any CPU.Build.0 = Release|Any CPU
	EndGlobalSection
	GlobalSection(SolutionProperties) = preSolution
		HideSolutionNode = FALSE
	EndGlobalSection
	GlobalSection(ExtensibilityGlobals) = postSolution
		SolutionGuid = {87F64E8C-D964-42DE-8CE2-4847A09762CF}
	EndGlobalSection
EndGlobal
