
Microsoft Visual Studio Solution File, Format Version 12.00
# Visual Studio Version 17
VisualStudioVersion = 17.7.34009.444
MinimumVisualStudioVersion = 10.0.40219.1
Project("{9A19103F-16F7-4668-BE54-9A1E7A4F7556}") = "01. Generic Box of String", "01. Generic Box of String\01. Generic Box of String.csproj", "{303E81EE-E464-4655-B016-76889F223933}"
EndProject
Project("{FAE04EC0-301F-11D3-BF4B-00C04F79EFBC}") = "02. Generic Box of Integer", "02. Generic Box of Integer\02. Generic Box of Integer.csproj", "{F2782211-6995-4367-925A-2EBD73F66DDF}"
EndProject
Project("{FAE04EC0-301F-11D3-BF4B-00C04F79EFBC}") = "03. Generic Swap Method String", "03. Generic Swap Method String\03. Generic Swap Method String.csproj", "{153533AB-70D2-40C3-8D4F-A3B44949F485}"
EndProject
Project("{FAE04EC0-301F-11D3-BF4B-00C04F79EFBC}") = "04. Generic Swap Method Integer", "04. Generic Swap Method Integer\04. Generic Swap Method Integer.csproj", "{E928CEC7-D350-4418-A8C5-BF7319D6F877}"
EndProject
Project("{FAE04EC0-301F-11D3-BF4B-00C04F79EFBC}") = "05. Generic Count Method String", "05. Generic Count Method String\05. Generic Count Method String.csproj", "{F8340446-ACB7-4D42-B98E-FDC0E6488FDE}"
EndProject
Project("{FAE04EC0-301F-11D3-BF4B-00C04F79EFBC}") = "06. Generic Count Method Double", "06. Generic Count Method Double\06. Generic Count Method Double.csproj", "{D0B48424-91F6-4572-AA8C-E96878224EA0}"
EndProject
Global
	GlobalSection(SolutionConfigurationPlatforms) = preSolution
		Debug|Any CPU = Debug|Any CPU
		Release|Any CPU = Release|Any CPU
	EndGlobalSection
	GlobalSection(ProjectConfigurationPlatforms) = postSolution
		{303E81EE-E464-4655-B016-76889F223933}.Debug|Any CPU.ActiveCfg = Debug|Any CPU
		{303E81EE-E464-4655-B016-76889F223933}.Debug|Any CPU.Build.0 = Debug|Any CPU
		{303E81EE-E464-4655-B016-76889F223933}.Release|Any CPU.ActiveCfg = Release|Any CPU
		{303E81EE-E464-4655-B016-76889F223933}.Release|Any CPU.Build.0 = Release|Any CPU
		{F2782211-6995-4367-925A-2EBD73F66DDF}.Debug|Any CPU.ActiveCfg = Debug|Any CPU
		{F2782211-6995-4367-925A-2EBD73F66DDF}.Debug|Any CPU.Build.0 = Debug|Any CPU
		{F2782211-6995-4367-925A-2EBD73F66DDF}.Release|Any CPU.ActiveCfg = Release|Any CPU
		{F2782211-6995-4367-925A-2EBD73F66DDF}.Release|Any CPU.Build.0 = Release|Any CPU
		{153533AB-70D2-40C3-8D4F-A3B44949F485}.Debug|Any CPU.ActiveCfg = Debug|Any CPU
		{153533AB-70D2-40C3-8D4F-A3B44949F485}.Debug|Any CPU.Build.0 = Debug|Any CPU
		{153533AB-70D2-40C3-8D4F-A3B44949F485}.Release|Any CPU.ActiveCfg = Release|Any CPU
		{153533AB-70D2-40C3-8D4F-A3B44949F485}.Release|Any CPU.Build.0 = Release|Any CPU
		{E928CEC7-D350-4418-A8C5-BF7319D6F877}.Debug|Any CPU.ActiveCfg = Debug|Any CPU
		{E928CEC7-D350-4418-A8C5-BF7319D6F877}.Debug|Any CPU.Build.0 = Debug|Any CPU
		{E928CEC7-D350-4418-A8C5-BF7319D6F877}.Release|Any CPU.ActiveCfg = Release|Any CPU
		{E928CEC7-D350-4418-A8C5-BF7319D6F877}.Release|Any CPU.Build.0 = Release|Any CPU
		{F8340446-ACB7-4D42-B98E-FDC0E6488FDE}.Debug|Any CPU.ActiveCfg = Debug|Any CPU
		{F8340446-ACB7-4D42-B98E-FDC0E6488FDE}.Debug|Any CPU.Build.0 = Debug|Any CPU
		{F8340446-ACB7-4D42-B98E-FDC0E6488FDE}.Release|Any CPU.ActiveCfg = Release|Any CPU
		{F8340446-ACB7-4D42-B98E-FDC0E6488FDE}.Release|Any CPU.Build.0 = Release|Any CPU
		{D0B48424-91F6-4572-AA8C-E96878224EA0}.Debug|Any CPU.ActiveCfg = Debug|Any CPU
		{D0B48424-91F6-4572-AA8C-E96878224EA0}.Debug|Any CPU.Build.0 = Debug|Any CPU
		{D0B48424-91F6-4572-AA8C-E96878224EA0}.Release|Any CPU.ActiveCfg = Release|Any CPU
		{D0B48424-91F6-4572-AA8C-E96878224EA0}.Release|Any CPU.Build.0 = Release|Any CPU
	EndGlobalSection
	GlobalSection(SolutionProperties) = preSolution
		HideSolutionNode = FALSE
	EndGlobalSection
	GlobalSection(ExtensibilityGlobals) = postSolution
		SolutionGuid = {F6BA18C0-1F3A-44B7-A419-FB64358AA3AB}
	EndGlobalSection
EndGlobal
