
Microsoft Visual Studio Solution File, Format Version 12.00
# Visual Studio Version 17
VisualStudioVersion = 17.7.34009.444
MinimumVisualStudioVersion = 10.0.40219.1
Project("{9A19103F-16F7-4668-BE54-9A1E7A4F7556}") = "01. Library", "01. Library\01. Library.csproj", "{E20BB1EB-E93B-4132-BC98-F74CFEC21208}"
EndProject
Project("{9A19103F-16F7-4668-BE54-9A1E7A4F7556}") = "02. LibraryIterator", "02. LibraryIterator\02. LibraryIterator.csproj", "{11DF466E-F5C0-4892-BA6F-C9C5A4D0E5A1}"
EndProject
Project("{FAE04EC0-301F-11D3-BF4B-00C04F79EFBC}") = "03. Comparable Book", "03. Comparable Book\03. Comparable Book.csproj", "{3CAD6FA8-393D-482E-AEA3-435C3BD3283E}"
EndProject
Global
	GlobalSection(SolutionConfigurationPlatforms) = preSolution
		Debug|Any CPU = Debug|Any CPU
		Release|Any CPU = Release|Any CPU
	EndGlobalSection
	GlobalSection(ProjectConfigurationPlatforms) = postSolution
		{E20BB1EB-E93B-4132-BC98-F74CFEC21208}.Debug|Any CPU.ActiveCfg = Debug|Any CPU
		{E20BB1EB-E93B-4132-BC98-F74CFEC21208}.Debug|Any CPU.Build.0 = Debug|Any CPU
		{E20BB1EB-E93B-4132-BC98-F74CFEC21208}.Release|Any CPU.ActiveCfg = Release|Any CPU
		{E20BB1EB-E93B-4132-BC98-F74CFEC21208}.Release|Any CPU.Build.0 = Release|Any CPU
		{11DF466E-F5C0-4892-BA6F-C9C5A4D0E5A1}.Debug|Any CPU.ActiveCfg = Debug|Any CPU
		{11DF466E-F5C0-4892-BA6F-C9C5A4D0E5A1}.Debug|Any CPU.Build.0 = Debug|Any CPU
		{11DF466E-F5C0-4892-BA6F-C9C5A4D0E5A1}.Release|Any CPU.ActiveCfg = Release|Any CPU
		{11DF466E-F5C0-4892-BA6F-C9C5A4D0E5A1}.Release|Any CPU.Build.0 = Release|Any CPU
		{3CAD6FA8-393D-482E-AEA3-435C3BD3283E}.Debug|Any CPU.ActiveCfg = Debug|Any CPU
		{3CAD6FA8-393D-482E-AEA3-435C3BD3283E}.Debug|Any CPU.Build.0 = Debug|Any CPU
		{3CAD6FA8-393D-482E-AEA3-435C3BD3283E}.Release|Any CPU.ActiveCfg = Release|Any CPU
		{3CAD6FA8-393D-482E-AEA3-435C3BD3283E}.Release|Any CPU.Build.0 = Release|Any CPU
	EndGlobalSection
	GlobalSection(SolutionProperties) = preSolution
		HideSolutionNode = FALSE
	EndGlobalSection
	GlobalSection(ExtensibilityGlobals) = postSolution
		SolutionGuid = {F2ACC015-4077-4435-ABE0-E4BB49AD9FB5}
	EndGlobalSection
EndGlobal
