
Microsoft Visual Studio Solution File, Format Version 12.00
# Visual Studio Version 17
VisualStudioVersion = 17.7.34009.444
MinimumVisualStudioVersion = 10.0.40219.1
Project("{9A19103F-16F7-4668-BE54-9A1E7A4F7556}") = "01. ListyIterator", "01. ListyIterator\01. ListyIterator.csproj", "{A676AC03-ED8E-443E-8B96-EA45D03B692E}"
EndProject
Project("{9A19103F-16F7-4668-BE54-9A1E7A4F7556}") = "02. Collection", "02. Collection\02. Collection.csproj", "{B9561A55-90E1-4A21-A0DA-E121CC7904FB}"
EndProject
Project("{9A19103F-16F7-4668-BE54-9A1E7A4F7556}") = "03. Stack", "03. Stack\03. Stack.csproj", "{A660093C-1A2F-48BC-868B-F7E877926DCC}"
EndProject
Project("{9A19103F-16F7-4668-BE54-9A1E7A4F7556}") = "04. Froggy", "04. Froggy\04. Froggy.csproj", "{621E7F2A-5BB5-4B6C-B7A5-04C567DF2590}"
EndProject
Project("{9A19103F-16F7-4668-BE54-9A1E7A4F7556}") = "05. Comparing Objects", "05. Comparing Objects\05. Comparing Objects.csproj", "{9A02AABB-123A-4CD7-AB57-2089020A89B8}"
EndProject
Project("{9A19103F-16F7-4668-BE54-9A1E7A4F7556}") = "07. Custom Comparator", "07. Custom Comparator\07. Custom Comparator.csproj", "{C0CEC088-69BE-42C1-AE12-A9756D7D3DCE}"
EndProject
Project("{FAE04EC0-301F-11D3-BF4B-00C04F79EFBC}") = "06. Equality Logic", "06. Equality Logic\06. Equality Logic.csproj", "{A10B6AF0-3D27-41C3-86D2-6AC402407952}"
EndProject
Global
	GlobalSection(SolutionConfigurationPlatforms) = preSolution
		Debug|Any CPU = Debug|Any CPU
		Release|Any CPU = Release|Any CPU
	EndGlobalSection
	GlobalSection(ProjectConfigurationPlatforms) = postSolution
		{A676AC03-ED8E-443E-8B96-EA45D03B692E}.Debug|Any CPU.ActiveCfg = Debug|Any CPU
		{A676AC03-ED8E-443E-8B96-EA45D03B692E}.Debug|Any CPU.Build.0 = Debug|Any CPU
		{A676AC03-ED8E-443E-8B96-EA45D03B692E}.Release|Any CPU.ActiveCfg = Release|Any CPU
		{A676AC03-ED8E-443E-8B96-EA45D03B692E}.Release|Any CPU.Build.0 = Release|Any CPU
		{B9561A55-90E1-4A21-A0DA-E121CC7904FB}.Debug|Any CPU.ActiveCfg = Debug|Any CPU
		{B9561A55-90E1-4A21-A0DA-E121CC7904FB}.Debug|Any CPU.Build.0 = Debug|Any CPU
		{B9561A55-90E1-4A21-A0DA-E121CC7904FB}.Release|Any CPU.ActiveCfg = Release|Any CPU
		{B9561A55-90E1-4A21-A0DA-E121CC7904FB}.Release|Any CPU.Build.0 = Release|Any CPU
		{A660093C-1A2F-48BC-868B-F7E877926DCC}.Debug|Any CPU.ActiveCfg = Debug|Any CPU
		{A660093C-1A2F-48BC-868B-F7E877926DCC}.Debug|Any CPU.Build.0 = Debug|Any CPU
		{A660093C-1A2F-48BC-868B-F7E877926DCC}.Release|Any CPU.ActiveCfg = Release|Any CPU
		{A660093C-1A2F-48BC-868B-F7E877926DCC}.Release|Any CPU.Build.0 = Release|Any CPU
		{621E7F2A-5BB5-4B6C-B7A5-04C567DF2590}.Debug|Any CPU.ActiveCfg = Debug|Any CPU
		{621E7F2A-5BB5-4B6C-B7A5-04C567DF2590}.Debug|Any CPU.Build.0 = Debug|Any CPU
		{621E7F2A-5BB5-4B6C-B7A5-04C567DF2590}.Release|Any CPU.ActiveCfg = Release|Any CPU
		{621E7F2A-5BB5-4B6C-B7A5-04C567DF2590}.Release|Any CPU.Build.0 = Release|Any CPU
		{9A02AABB-123A-4CD7-AB57-2089020A89B8}.Debug|Any CPU.ActiveCfg = Debug|Any CPU
		{9A02AABB-123A-4CD7-AB57-2089020A89B8}.Debug|Any CPU.Build.0 = Debug|Any CPU
		{9A02AABB-123A-4CD7-AB57-2089020A89B8}.Release|Any CPU.ActiveCfg = Release|Any CPU
		{9A02AABB-123A-4CD7-AB57-2089020A89B8}.Release|Any CPU.Build.0 = Release|Any CPU
		{C0CEC088-69BE-42C1-AE12-A9756D7D3DCE}.Debug|Any CPU.ActiveCfg = Debug|Any CPU
		{C0CEC088-69BE-42C1-AE12-A9756D7D3DCE}.Debug|Any CPU.Build.0 = Debug|Any CPU
		{C0CEC088-69BE-42C1-AE12-A9756D7D3DCE}.Release|Any CPU.ActiveCfg = Release|Any CPU
		{C0CEC088-69BE-42C1-AE12-A9756D7D3DCE}.Release|Any CPU.Build.0 = Release|Any CPU
		{A10B6AF0-3D27-41C3-86D2-6AC402407952}.Debug|Any CPU.ActiveCfg = Debug|Any CPU
		{A10B6AF0-3D27-41C3-86D2-6AC402407952}.Debug|Any CPU.Build.0 = Debug|Any CPU
		{A10B6AF0-3D27-41C3-86D2-6AC402407952}.Release|Any CPU.ActiveCfg = Release|Any CPU
		{A10B6AF0-3D27-41C3-86D2-6AC402407952}.Release|Any CPU.Build.0 = Release|Any CPU
	EndGlobalSection
	GlobalSection(SolutionProperties) = preSolution
		HideSolutionNode = FALSE
	EndGlobalSection
	GlobalSection(ExtensibilityGlobals) = postSolution
		SolutionGuid = {DC61D1F0-2D0C-4FF5-B1C2-2B8EEDD8C42F}
	EndGlobalSection
EndGlobal
