
Microsoft Visual Studio Solution File, Format Version 12.00
# Visual Studio Version 17
VisualStudioVersion = 17.7.34009.444
MinimumVisualStudioVersion = 10.0.40219.1
Project("{FAE04EC0-301F-11D3-BF4B-00C04F79EFBC}") = "01. ListyIterator", "01. ListyIterator\01. ListyIterator.csproj", "{A676AC03-ED8E-443E-8B96-EA45D03B692E}"
EndProject
Global
	GlobalSection(SolutionConfigurationPlatforms) = preSolution
		Debug|Any CPU = Debug|Any CPU
		Release|Any CPU = Release|Any CPU
	EndGlobalSection
	GlobalSection(ProjectConfigurationPlatforms) = postSolution
		{A676AC03-ED8E-443E-8B96-EA45D03B692E}.Debug|Any CPU.ActiveCfg = Debug|Any CPU
		{A676AC03-ED8E-443E-8B96-EA45D03B692E}.Debug|Any CPU.Build.0 = Debug|Any CPU
		{A676AC03-ED8E-443E-8B96-EA45D03B692E}.Release|Any CPU.ActiveCfg = Release|Any CPU
		{A676AC03-ED8E-443E-8B96-EA45D03B692E}.Release|Any CPU.Build.0 = Release|Any CPU
	EndGlobalSection
	GlobalSection(SolutionProperties) = preSolution
		HideSolutionNode = FALSE
	EndGlobalSection
	GlobalSection(ExtensibilityGlobals) = postSolution
		SolutionGuid = {DC61D1F0-2D0C-4FF5-B1C2-2B8EEDD8C42F}
	EndGlobalSection
EndGlobal
